// !$*UTF8*$!
{
	archiveVersion = 1;
	classes = {
	};
	objectVersion = 50;
	objects = {

/* Begin PBXBuildFile section */
		357F0906255D8B6800D53AAB /* AppDelegate.swift in Sources */ = {isa = PBXBuildFile; fileRef = 357F0905255D8B6800D53AAB /* AppDelegate.swift */; };
		357F0908255D8B6800D53AAB /* SceneDelegate.swift in Sources */ = {isa = PBXBuildFile; fileRef = 357F0907255D8B6800D53AAB /* SceneDelegate.swift */; };
		357F090A255D8B6800D53AAB /* ViewController.swift in Sources */ = {isa = PBXBuildFile; fileRef = 357F0909255D8B6800D53AAB /* ViewController.swift */; };
		357F090D255D8B6800D53AAB /* Main.storyboard in Resources */ = {isa = PBXBuildFile; fileRef = 357F090B255D8B6800D53AAB /* Main.storyboard */; };
		357F0910255D8B6800D53AAB /* CD_ToDo.xcdatamodeld in Sources */ = {isa = PBXBuildFile; fileRef = 357F090E255D8B6800D53AAB /* CD_ToDo.xcdatamodeld */; };
		357F0912255D8B6B00D53AAB /* Assets.xcassets in Resources */ = {isa = PBXBuildFile; fileRef = 357F0911255D8B6B00D53AAB /* Assets.xcassets */; };
		357F0915255D8B6B00D53AAB /* LaunchScreen.storyboard in Resources */ = {isa = PBXBuildFile; fileRef = 357F0913255D8B6B00D53AAB /* LaunchScreen.storyboard */; };
/* End PBXBuildFile section */

/* Begin PBXFileReference section */
		357F0902255D8B6800D53AAB /* CD-ToDo.app */ = {isa = PBXFileReference; explicitFileType = wrapper.application; includeInIndex = 0; path = "CD-ToDo.app"; sourceTree = BUILT_PRODUCTS_DIR; };
		357F0905255D8B6800D53AAB /* AppDelegate.swift */ = {isa = PBXFileReference; lastKnownFileType = sourcecode.swift; path = AppDelegate.swift; sourceTree = "<group>"; };
		357F0907255D8B6800D53AAB /* SceneDelegate.swift */ = {isa = PBXFileReference; lastKnownFileType = sourcecode.swift; path = SceneDelegate.swift; sourceTree = "<group>"; };
		357F0909255D8B6800D53AAB /* ViewController.swift */ = {isa = PBXFileReference; lastKnownFileType = sourcecode.swift; path = ViewController.swift; sourceTree = "<group>"; };
		357F090C255D8B6800D53AAB /* Base */ = {isa = PBXFileReference; lastKnownFileType = file.storyboard; name = Base; path = Base.lproj/Main.storyboard; sourceTree = "<group>"; };
		357F090F255D8B6800D53AAB /* CD_ToDo.xcdatamodel */ = {isa = PBXFileReference; lastKnownFileType = wrapper.xcdatamodel; path = CD_ToDo.xcdatamodel; sourceTree = "<group>"; };
		357F0911255D8B6B00D53AAB /* Assets.xcassets */ = {isa = PBXFileReference; lastKnownFileType = folder.assetcatalog; path = Assets.xcassets; sourceTree = "<group>"; };
		357F0914255D8B6B00D53AAB /* Base */ = {isa = PBXFileReference; lastKnownFileType = file.storyboard; name = Base; path = Base.lproj/LaunchScreen.storyboard; sourceTree = "<group>"; };
		357F0916255D8B6B00D53AAB /* Info.plist */ = {isa = PBXFileReference; lastKnownFileType = text.plist.xml; path = Info.plist; sourceTree = "<group>"; };
/* End PBXFileReference section */

/* Begin PBXFrameworksBuildPhase section */
		357F08FF255D8B6800D53AAB /* Frameworks */ = {
			isa = PBXFrameworksBuildPhase;
			buildActionMask = 2147483647;
			files = (
			);
			runOnlyForDeploymentPostprocessing = 0;
		};
/* End PBXFrameworksBuildPhase section */

/* Begin PBXGroup section */
		357F08F9255D8B6800D53AAB = {
			isa = PBXGroup;
			children = (
				357F0904255D8B6800D53AAB /* CD-ToDo */,
				357F0903255D8B6800D53AAB /* Products */,
			);
			sourceTree = "<group>";
		};
		357F0903255D8B6800D53AAB /* Products */ = {
			isa = PBXGroup;
			children = (
				357F0902255D8B6800D53AAB /* CD-ToDo.app */,
			);
			name = Products;
			sourceTree = "<group>";
		};
		357F0904255D8B6800D53AAB /* CD-ToDo */ = {
			isa = PBXGroup;
			children = (
				35ABAEDB255D8DF5000F87A3 /* models */,
				357F091E255D8BFC00D53AAB /* views */,
				357F091D255D8BDB00D53AAB /* controllers */,
				357F0916255D8B6B00D53AAB /* Info.plist */,
				357F090E255D8B6800D53AAB /* CD_ToDo.xcdatamodeld */,
			);
			path = "CD-ToDo";
			sourceTree = "<group>";
		};
		357F091D255D8BDB00D53AAB /* controllers */ = {
			isa = PBXGroup;
			children = (
				357F0905255D8B6800D53AAB /* AppDelegate.swift */,
				357F0907255D8B6800D53AAB /* SceneDelegate.swift */,
				357F0909255D8B6800D53AAB /* ViewController.swift */,
			);
			path = controllers;
			sourceTree = "<group>";
		};
		357F091E255D8BFC00D53AAB /* views */ = {
			isa = PBXGroup;
			children = (
				357F0911255D8B6B00D53AAB /* Assets.xcassets */,
				357F0913255D8B6B00D53AAB /* LaunchScreen.storyboard */,
				357F090B255D8B6800D53AAB /* Main.storyboard */,
			);
			path = views;
			sourceTree = "<group>";
		};
		35ABAEDB255D8DF5000F87A3 /* models */ = {
			isa = PBXGroup;
			children = (
			);
			path = models;
			sourceTree = "<group>";
		};
/* End PBXGroup section */

/* Begin PBXNativeTarget section */
		357F0901255D8B6800D53AAB /* CD-ToDo */ = {
			isa = PBXNativeTarget;
			buildConfigurationList = 357F0919255D8B6B00D53AAB /* Build configuration list for PBXNativeTarget "CD-ToDo" */;
			buildPhases = (
				357F08FE255D8B6800D53AAB /* Sources */,
				357F08FF255D8B6800D53AAB /* Frameworks */,
				357F0900255D8B6800D53AAB /* Resources */,
			);
			buildRules = (
			);
			dependencies = (
			);
			name = "CD-ToDo";
			productName = "CD-ToDo";
			productReference = 357F0902255D8B6800D53AAB /* CD-ToDo.app */;
			productType = "com.apple.product-type.application";
		};
/* End PBXNativeTarget section */

/* Begin PBXProject section */
		357F08FA255D8B6800D53AAB /* Project object */ = {
			isa = PBXProject;
			attributes = {
				LastSwiftUpdateCheck = 1210;
				LastUpgradeCheck = 1210;
				TargetAttributes = {
					357F0901255D8B6800D53AAB = {
						CreatedOnToolsVersion = 12.1;
					};
				};
			};
			buildConfigurationList = 357F08FD255D8B6800D53AAB /* Build configuration list for PBXProject "CD-ToDo" */;
			compatibilityVersion = "Xcode 9.3";
			developmentRegion = en;
			hasScannedForEncodings = 0;
			knownRegions = (
				en,
				Base,
			);
			mainGroup = 357F08F9255D8B6800D53AAB;
			productRefGroup = 357F0903255D8B6800D53AAB /* Products */;
			projectDirPath = "";
			projectRoot = "";
			targets = (
				357F0901255D8B6800D53AAB /* CD-ToDo */,
			);
		};
/* End PBXProject section */

/* Begin PBXResourcesBuildPhase section */
		357F0900255D8B6800D53AAB /* Resources */ = {
			isa = PBXResourcesBuildPhase;
			buildActionMask = 2147483647;
			files = (
				357F0915255D8B6B00D53AAB /* LaunchScreen.storyboard in Resources */,
				357F0912255D8B6B00D53AAB /* Assets.xcassets in Resources */,
				357F090D255D8B6800D53AAB /* Main.storyboard in Resources */,
			);
			runOnlyForDeploymentPostprocessing = 0;
		};
/* End PBXResourcesBuildPhase section */

/* Begin PBXSourcesBuildPhase section */
		357F08FE255D8B6800D53AAB /* Sources */ = {
			isa = PBXSourcesBuildPhase;
			buildActionMask = 2147483647;
			files = (
				357F0910255D8B6800D53AAB /* CD_ToDo.xcdatamodeld in Sources */,
				357F090A255D8B6800D53AAB /* ViewController.swift in Sources */,
				357F0906255D8B6800D53AAB /* AppDelegate.swift in Sources */,
				357F0908255D8B6800D53AAB /* SceneDelegate.swift in Sources */,
			);
			runOnlyForDeploymentPostprocessing = 0;
		};
/* End PBXSourcesBuildPhase section */

/* Begin PBXVariantGroup section */
		357F090B255D8B6800D53AAB /* Main.storyboard */ = {
			isa = PBXVariantGroup;
			children = (
				357F090C255D8B6800D53AAB /* Base */,
			);
			name = Main.storyboard;
			sourceTree = "<group>";
		};
		357F0913255D8B6B00D53AAB /* LaunchScreen.storyboard */ = {
			isa = PBXVariantGroup;
			children = (
				357F0914255D8B6B00D53AAB /* Base */,
			);
			name = LaunchScreen.storyboard;
			sourceTree = "<group>";
		};
/* End PBXVariantGroup section */

/* Begin XCBuildConfiguration section */
		357F0917255D8B6B00D53AAB /* Debug */ = {
			isa = XCBuildConfiguration;
			buildSettings = {
				ALWAYS_SEARCH_USER_PATHS = NO;
				CLANG_ANALYZER_NONNULL = YES;
				CLANG_ANALYZER_NUMBER_OBJECT_CONVERSION = YES_AGGRESSIVE;
				CLANG_CXX_LANGUAGE_STANDARD = "gnu++14";
				CLANG_CXX_LIBRARY = "libc++";
				CLANG_ENABLE_MODULES = YES;
				CLANG_ENABLE_OBJC_ARC = YES;
				CLANG_ENABLE_OBJC_WEAK = YES;
				CLANG_WARN_BLOCK_CAPTURE_AUTORELEASING = YES;
				CLANG_WARN_BOOL_CONVERSION = YES;
				CLANG_WARN_COMMA = YES;
				CLANG_WARN_CONSTANT_CONVERSION = YES;
				CLANG_WARN_DEPRECATED_OBJC_IMPLEMENTATIONS = YES;
				CLANG_WARN_DIRECT_OBJC_ISA_USAGE = YES_ERROR;
				CLANG_WARN_DOCUMENTATION_COMMENTS = YES;
				CLANG_WARN_EMPTY_BODY = YES;
				CLANG_WARN_ENUM_CONVERSION = YES;
				CLANG_WARN_INFINITE_RECURSION = YES;
				CLANG_WARN_INT_CONVERSION = YES;
				CLANG_WARN_NON_LITERAL_NULL_CONVERSION = YES;
				CLANG_WARN_OBJC_IMPLICIT_RETAIN_SELF = YES;
				CLANG_WARN_OBJC_LITERAL_CONVERSION = YES;
				CLANG_WARN_OBJC_ROOT_CLASS = YES_ERROR;
				CLANG_WARN_QUOTED_INCLUDE_IN_FRAMEWORK_HEADER = YES;
				CLANG_WARN_RANGE_LOOP_ANALYSIS = YES;
				CLANG_WARN_STRICT_PROTOTYPES = YES;
				CLANG_WARN_SUSPICIOUS_MOVE = YES;
				CLANG_WARN_UNGUARDED_AVAILABILITY = YES_AGGRESSIVE;
				CLANG_WARN_UNREACHABLE_CODE = YES;
				CLANG_WARN__DUPLICATE_METHOD_MATCH = YES;
				COPY_PHASE_STRIP = NO;
				DEBUG_INFORMATION_FORMAT = dwarf;
				ENABLE_STRICT_OBJC_MSGSEND = YES;
				ENABLE_TESTABILITY = YES;
				GCC_C_LANGUAGE_STANDARD = gnu11;
				GCC_DYNAMIC_NO_PIC = NO;
				GCC_NO_COMMON_BLOCKS = YES;
				GCC_OPTIMIZATION_LEVEL = 0;
				GCC_PREPROCESSOR_DEFINITIONS = (
					"DEBUG=1",
					"$(inherited)",
				);
				GCC_WARN_64_TO_32_BIT_CONVERSION = YES;
				GCC_WARN_ABOUT_RETURN_TYPE = YES_ERROR;
				GCC_WARN_UNDECLARED_SELECTOR = YES;
				GCC_WARN_UNINITIALIZED_AUTOS = YES_AGGRESSIVE;
				GCC_WARN_UNUSED_FUNCTION = YES;
				GCC_WARN_UNUSED_VARIABLE = YES;
				IPHONEOS_DEPLOYMENT_TARGET = 14.1;
				MTL_ENABLE_DEBUG_INFO = INCLUDE_SOURCE;
				MTL_FAST_MATH = YES;
				ONLY_ACTIVE_ARCH = YES;
				SDKROOT = iphoneos;
				SWIFT_ACTIVE_COMPILATION_CONDITIONS = DEBUG;
				SWIFT_OPTIMIZATION_LEVEL = "-Onone";
			};
			name = Debug;
		};
		357F0918255D8B6B00D53AAB /* Release */ = {
			isa = XCBuildConfiguration;
			buildSettings = {
				ALWAYS_SEARCH_USER_PATHS = NO;
				CLANG_ANALYZER_NONNULL = YES;
				CLANG_ANALYZER_NUMBER_OBJECT_CONVERSION = YES_AGGRESSIVE;
				CLANG_CXX_LANGUAGE_STANDARD = "gnu++14";
				CLANG_CXX_LIBRARY = "libc++";
				CLANG_ENABLE_MODULES = YES;
				CLANG_ENABLE_OBJC_ARC = YES;
				CLANG_ENABLE_OBJC_WEAK = YES;
				CLANG_WARN_BLOCK_CAPTURE_AUTORELEASING = YES;
				CLANG_WARN_BOOL_CONVERSION = YES;
				CLANG_WARN_COMMA = YES;
				CLANG_WARN_CONSTANT_CONVERSION = YES;
				CLANG_WARN_DEPRECATED_OBJC_IMPLEMENTATIONS = YES;
				CLANG_WARN_DIRECT_OBJC_ISA_USAGE = YES_ERROR;
				CLANG_WARN_DOCUMENTATION_COMMENTS = YES;
				CLANG_WARN_EMPTY_BODY = YES;
				CLANG_WARN_ENUM_CONVERSION = YES;
				CLANG_WARN_INFINITE_RECURSION = YES;
				CLANG_WARN_INT_CONVERSION = YES;
				CLANG_WARN_NON_LITERAL_NULL_CONVERSION = YES;
				CLANG_WARN_OBJC_IMPLICIT_RETAIN_SELF = YES;
				CLANG_WARN_OBJC_LITERAL_CONVERSION = YES;
				CLANG_WARN_OBJC_ROOT_CLASS = YES_ERROR;
				CLANG_WARN_QUOTED_INCLUDE_IN_FRAMEWORK_HEADER = YES;
				CLANG_WARN_RANGE_LOOP_ANALYSIS = YES;
				CLANG_WARN_STRICT_PROTOTYPES = YES;
				CLANG_WARN_SUSPICIOUS_MOVE = YES;
				CLANG_WARN_UNGUARDED_AVAILABILITY = YES_AGGRESSIVE;
				CLANG_WARN_UNREACHABLE_CODE = YES;
				CLANG_WARN__DUPLICATE_METHOD_MATCH = YES;
				COPY_PHASE_STRIP = NO;
				DEBUG_INFORMATION_FORMAT = "dwarf-with-dsym";
				ENABLE_NS_ASSERTIONS = NO;
				ENABLE_STRICT_OBJC_MSGSEND = YES;
				GCC_C_LANGUAGE_STANDARD = gnu11;
				GCC_NO_COMMON_BLOCKS = YES;
				GCC_WARN_64_TO_32_BIT_CONVERSION = YES;
				GCC_WARN_ABOUT_RETURN_TYPE = YES_ERROR;
				GCC_WARN_UNDECLARED_SELECTOR = YES;
				GCC_WARN_UNINITIALIZED_AUTOS = YES_AGGRESSIVE;
				GCC_WARN_UNUSED_FUNCTION = YES;
				GCC_WARN_UNUSED_VARIABLE = YES;
				IPHONEOS_DEPLOYMENT_TARGET = 14.1;
				MTL_ENABLE_DEBUG_INFO = NO;
				MTL_FAST_MATH = YES;
				SDKROOT = iphoneos;
				SWIFT_COMPILATION_MODE = wholemodule;
				SWIFT_OPTIMIZATION_LEVEL = "-O";
				VALIDATE_PRODUCT = YES;
			};
			name = Release;
		};
		357F091A255D8B6B00D53AAB /* Debug */ = {
			isa = XCBuildConfiguration;
			buildSettings = {
				ASSETCATALOG_COMPILER_APPICON_NAME = AppIcon;
				ASSETCATALOG_COMPILER_GLOBAL_ACCENT_COLOR_NAME = AccentColor;
				CODE_SIGN_STYLE = Automatic;
				DEVELOPMENT_TEAM = SCF6DTLWM7;
				INFOPLIST_FILE = "CD-ToDo/Info.plist";
				LD_RUNPATH_SEARCH_PATHS = (
					"$(inherited)",
					"@executable_path/Frameworks",
				);
				PRODUCT_BUNDLE_IDENTIFIER = "com.vianaleonardo.CD-ToDo";
				PRODUCT_NAME = "$(TARGET_NAME)";
				SWIFT_VERSION = 5.0;
				TARGETED_DEVICE_FAMILY = "1,2";
			};
			name = Debug;
		};
		357F091B255D8B6B00D53AAB /* Release */ = {
			isa = XCBuildConfiguration;
			buildSettings = {
				ASSETCATALOG_COMPILER_APPICON_NAME = AppIcon;
				ASSETCATALOG_COMPILER_GLOBAL_ACCENT_COLOR_NAME = AccentColor;
				CODE_SIGN_STYLE = Automatic;
				DEVELOPMENT_TEAM = SCF6DTLWM7;
				INFOPLIST_FILE = "CD-ToDo/Info.plist";
				LD_RUNPATH_SEARCH_PATHS = (
					"$(inherited)",
					"@executable_path/Frameworks",
				);
				PRODUCT_BUNDLE_IDENTIFIER = "com.vianaleonardo.CD-ToDo";
				PRODUCT_NAME = "$(TARGET_NAME)";
				SWIFT_VERSION = 5.0;
				TARGETED_DEVICE_FAMILY = "1,2";
			};
			name = Release;
		};
/* End XCBuildConfiguration section */

/* Begin XCConfigurationList section */
		357F08FD255D8B6800D53AAB /* Build configuration list for PBXProject "CD-ToDo" */ = {
			isa = XCConfigurationList;
			buildConfigurations = (
				357F0917255D8B6B00D53AAB /* Debug */,
				357F0918255D8B6B00D53AAB /* Release */,
			);
			defaultConfigurationIsVisible = 0;
			defaultConfigurationName = Release;
		};
		357F0919255D8B6B00D53AAB /* Build configuration list for PBXNativeTarget "CD-ToDo" */ = {
			isa = XCConfigurationList;
			buildConfigurations = (
				357F091A255D8B6B00D53AAB /* Debug */,
				357F091B255D8B6B00D53AAB /* Release */,
			);
			defaultConfigurationIsVisible = 0;
			defaultConfigurationName = Release;
		};
/* End XCConfigurationList section */

/* Begin XCVersionGroup section */
		357F090E255D8B6800D53AAB /* CD_ToDo.xcdatamodeld */ = {
			isa = XCVersionGroup;
			children = (
				357F090F255D8B6800D53AAB /* CD_ToDo.xcdatamodel */,
			);
			currentVersion = 357F090F255D8B6800D53AAB /* CD_ToDo.xcdatamodel */;
			path = CD_ToDo.xcdatamodeld;
			sourceTree = "<group>";
			versionGroupType = wrapper.xcdatamodel;
		};
/* End XCVersionGroup section */
	};
	rootObject = 357F08FA255D8B6800D53AAB /* Project object */;
}
